Microsoft Visual Studio Solution File, Format Version 12.00
# Visual Studio 14
VisualStudioVersion = 14.0.25420.1
MinimumVisualStudioVersion = 10.0.40219.1
Project("{2150E333-8FDC-42A3-9474-1A3956D46DE8}") = "Solution Items", "Solution Items", "{5DA9EEBE-3C42-422D-8C56-193D8C9EF113}"
	ProjectSection(SolutionItems) = preProject
		..\CONTRIBUTING.md = ..\CONTRIBUTING.md
		..\LICENSE.md = ..\LICENSE.md
		..\README.md = ..\README.md
	EndProjectSection
EndProject
Project("{2150E333-8FDC-42A3-9474-1A3956D46DE8}") = "Build Package", "Build Package", "{148B96A4-9F91-4E8C-860A-FDD45EDD3C0C}"
	ProjectSection(SolutionItems) = preProject
		..\appveyor.yml = ..\appveyor.yml
		..\build-appveyor.cmd = ..\build-appveyor.cmd
		..\build.cmd = ..\build.cmd
		..\build\transforms\dashboard.config.install.xdt = ..\build\transforms\dashboard.config.install.xdt
		..\build\install.ps1 = ..\build\install.ps1
		..\build\package.nuspec = ..\build\package.nuspec
		..\build\package.proj = ..\build\package.proj
		..\build\package.xml = ..\build\package.xml
	EndProjectSection
EndProject
Project("{FAE04EC0-301F-11D3-BF4B-00C04F79EFBC}") = "Our.Umbraco.Cloud.Toolkit", "Our.Umbraco.Cloud.Toolkit\Our.Umbraco.Cloud.Toolkit.csproj", "{F4F994F2-569E-4C06-ABB2-C6DB7EEF0762}"
EndProject
Project("{FAE04EC0-301F-11D3-BF4B-00C04F79EFBC}") = "Our.Umbraco.Cloud.Toolkit.CommandLine", "Our.Umbraco.Cloud.Toolkit.CommandLine\Our.Umbraco.Cloud.Toolkit.CommandLine.csproj", "{0E1FBB5E-EB54-4BFF-85EC-BEE435E9D79C}"
EndProject
Global
	GlobalSection(SolutionConfigurationPlatforms) = preSolution
		Debug|Any CPU = Debug|Any CPU
		Release|Any CPU = Release|Any CPU
	EndGlobalSection
	GlobalSection(ProjectConfigurationPlatforms) = postSolution
		{F4F994F2-569E-4C06-ABB2-C6DB7EEF0762}.Debug|Any CPU.ActiveCfg = Debug|Any CPU
		{F4F994F2-569E-4C06-ABB2-C6DB7EEF0762}.Debug|Any CPU.Build.0 = Debug|Any CPU
		{F4F994F2-569E-4C06-ABB2-C6DB7EEF0762}.Release|Any CPU.ActiveCfg = Release|Any CPU
		{F4F994F2-569E-4C06-ABB2-C6DB7EEF0762}.Release|Any CPU.Build.0 = Release|Any CPU
		{0E1FBB5E-EB54-4BFF-85EC-BEE435E9D79C}.Debug|Any CPU.ActiveCfg = Debug|Any CPU
		{0E1FBB5E-EB54-4BFF-85EC-BEE435E9D79C}.Debug|Any CPU.Build.0 = Debug|Any CPU
		{0E1FBB5E-EB54-4BFF-85EC-BEE435E9D79C}.Release|Any CPU.ActiveCfg = Release|Any CPU
		{0E1FBB5E-EB54-4BFF-85EC-BEE435E9D79C}.Release|Any CPU.Build.0 = Release|Any CPU
	EndGlobalSection
	GlobalSection(SolutionProperties) = preSolution
		HideSolutionNode = FALSE
	EndGlobalSection
	GlobalSection(NestedProjects) = preSolution
		{148B96A4-9F91-4E8C-860A-FDD45EDD3C0C} = {5DA9EEBE-3C42-422D-8C56-193D8C9EF113}
	EndGlobalSection
EndGlobal
